// !$*UTF8*$!
{
	archiveVersion = 1;
	classes = {
	};
	objectVersion = 50;
	objects = {

/* Begin PBXBuildFile section */
		351C16E323D8E30400CC8003 /* AppDelegate.swift in Sources */ = {isa = PBXBuildFile; fileRef = 351C16E223D8E30400CC8003 /* AppDelegate.swift */; };
		351C16E523D8E30400CC8003 /* SceneDelegate.swift in Sources */ = {isa = PBXBuildFile; fileRef = 351C16E423D8E30400CC8003 /* SceneDelegate.swift */; };
		351C16E723D8E30400CC8003 /* ContentView.swift in Sources */ = {isa = PBXBuildFile; fileRef = 351C16E623D8E30400CC8003 /* ContentView.swift */; };
		351C16E923D8E30600CC8003 /* Assets.xcassets in Resources */ = {isa = PBXBuildFile; fileRef = 351C16E823D8E30600CC8003 /* Assets.xcassets */; };
		351C16EC23D8E30600CC8003 /* Preview Assets.xcassets in Resources */ = {isa = PBXBuildFile; fileRef = 351C16EB23D8E30600CC8003 /* Preview Assets.xcassets */; };
		351C16EF23D8E30600CC8003 /* LaunchScreen.storyboard in Resources */ = {isa = PBXBuildFile; fileRef = 351C16ED23D8E30600CC8003 /* LaunchScreen.storyboard */; };
/* End PBXBuildFile section */

/* Begin PBXFileReference section */
		351C16DF23D8E30400CC8003 /* BrainTrainingGame.app */ = {isa = PBXFileReference; explicitFileType = wrapper.application; includeInIndex = 0; path = BrainTrainingGame.app; sourceTree = BUILT_PRODUCTS_DIR; };
		351C16E223D8E30400CC8003 /* AppDelegate.swift */ = {isa = PBXFileReference; lastKnownFileType = sourcecode.swift; path = AppDelegate.swift; sourceTree = "<group>"; };
		351C16E423D8E30400CC8003 /* SceneDelegate.swift */ = {isa = PBXFileReference; lastKnownFileType = sourcecode.swift; path = SceneDelegate.swift; sourceTree = "<group>"; };
		351C16E623D8E30400CC8003 /* ContentView.swift */ = {isa = PBXFileReference; lastKnownFileType = sourcecode.swift; path = ContentView.swift; sourceTree = "<group>"; };
		351C16E823D8E30600CC8003 /* Assets.xcassets */ = {isa = PBXFileReference; lastKnownFileType = folder.assetcatalog; path = Assets.xcassets; sourceTree = "<group>"; };
		351C16EB23D8E30600CC8003 /* Preview Assets.xcassets */ = {isa = PBXFileReference; lastKnownFileType = folder.assetcatalog; path = "Preview Assets.xcassets"; sourceTree = "<group>"; };
		351C16EE23D8E30600CC8003 /* Base */ = {isa = PBXFileReference; lastKnownFileType = file.storyboard; name = Base; path = Base.lproj/LaunchScreen.storyboard; sourceTree = "<group>"; };
		351C16F023D8E30600CC8003 /* Info.plist */ = {isa = PBXFileReference; lastKnownFileType = text.plist.xml; path = Info.plist; sourceTree = "<group>"; };
/* End PBXFileReference section */

/* Begin PBXFrameworksBuildPhase section */
		351C16DC23D8E30400CC8003 /* Frameworks */ = {
			isa = PBXFrameworksBuildPhase;
			buildActionMask = 2147483647;
			files = (
			);
			runOnlyForDeploymentPostprocessing = 0;
		};
/* End PBXFrameworksBuildPhase section */

/* Begin PBXGroup section */
		351C16D623D8E30400CC8003 = {
			isa = PBXGroup;
			children = (
				351C16E123D8E30400CC8003 /* BrainTrainingGame */,
				351C16E023D8E30400CC8003 /* Products */,
			);
			sourceTree = "<group>";
		};
		351C16E023D8E30400CC8003 /* Products */ = {
			isa = PBXGroup;
			children = (
				351C16DF23D8E30400CC8003 /* BrainTrainingGame.app */,
			);
			name = Products;
			sourceTree = "<group>";
		};
		351C16E123D8E30400CC8003 /* BrainTrainingGame */ = {
			isa = PBXGroup;
			children = (
				351C16E223D8E30400CC8003 /* AppDelegate.swift */,
				351C16E423D8E30400CC8003 /* SceneDelegate.swift */,
				351C16E623D8E30400CC8003 /* ContentView.swift */,
				351C16E823D8E30600CC8003 /* Assets.xcassets */,
				351C16ED23D8E30600CC8003 /* LaunchScreen.storyboard */,
				351C16F023D8E30600CC8003 /* Info.plist */,
				351C16EA23D8E30600CC8003 /* Preview Content */,
			);
			path = BrainTrainingGame;
			sourceTree = "<group>";
		};
		351C16EA23D8E30600CC8003 /* Preview Content */ = {
			isa = PBXGroup;
			children = (
				351C16EB23D8E30600CC8003 /* Preview Assets.xcassets */,
			);
			path = "Preview Content";
			sourceTree = "<group>";
		};
/* End PBXGroup section */

/* Begin PBXNativeTarget section */
		351C16DE23D8E30400CC8003 /* BrainTrainingGame */ = {
			isa = PBXNativeTarget;
			buildConfigurationList = 351C16F323D8E30600CC8003 /* Build configuration list for PBXNativeTarget "BrainTrainingGame" */;
			buildPhases = (
				351C16DB23D8E30400CC8003 /* Sources */,
				351C16DC23D8E30400CC8003 /* Frameworks */,
				351C16DD23D8E30400CC8003 /* Resources */,
			);
			buildRules = (
			);
			dependencies = (
			);
			name = BrainTrainingGame;
			productName = BrainTrainingGame;
			productReference = 351C16DF23D8E30400CC8003 /* BrainTrainingGame.app */;
			productType = "com.apple.product-type.application";
		};
/* End PBXNativeTarget section */

/* Begin PBXProject section */
		351C16D723D8E30400CC8003 /* Project object */ = {
			isa = PBXProject;
			attributes = {
				LastSwiftUpdateCheck = 1130;
				LastUpgradeCheck = 1130;
				ORGANIZATIONNAME = "Dmitry Reshetnik";
				TargetAttributes = {
					351C16DE23D8E30400CC8003 = {
						CreatedOnToolsVersion = 11.3.1;
					};
				};
			};
			buildConfigurationList = 351C16DA23D8E30400CC8003 /* Build configuration list for PBXProject "BrainTrainingGame" */;
			compatibilityVersion = "Xcode 9.3";
			developmentRegion = en;
			hasScannedForEncodings = 0;
			knownRegions = (
				en,
				Base,
			);
			mainGroup = 351C16D623D8E30400CC8003;
			productRefGroup = 351C16E023D8E30400CC8003 /* Products */;
			projectDirPath = "";
			projectRoot = "";
			targets = (
				351C16DE23D8E30400CC8003 /* BrainTrainingGame */,
			);
		};
/* End PBXProject section */

/* Begin PBXResourcesBuildPhase section */
		351C16DD23D8E30400CC8003 /* Resources */ = {
			isa = PBXResourcesBuildPhase;
			buildActionMask = 2147483647;
			files = (
				351C16EF23D8E30600CC8003 /* LaunchScreen.storyboard in Resources */,
				351C16EC23D8E30600CC8003 /* Preview Assets.xcassets in Resources */,
				351C16E923D8E30600CC8003 /* Assets.xcassets in Resources */,
			);
			runOnlyForDeploymentPostprocessing = 0;
		};
/* End PBXResourcesBuildPhase section */

/* Begin PBXSourcesBuildPhase section */
		351C16DB23D8E30400CC8003 /* Sources */ = {
			isa = PBXSourcesBuildPhase;
			buildActionMask = 2147483647;
			files = (
				351C16E323D8E30400CC8003 /* AppDelegate.swift in Sources */,
				351C16E523D8E30400CC8003 /* SceneDelegate.swift in Sources */,
				351C16E723D8E30400CC8003 /* ContentView.swift in Sources */,
			);
			runOnlyForDeploymentPostprocessing = 0;
		};
/* End PBXSourcesBuildPhase section */

/* Begin PBXVariantGroup section */
		351C16ED23D8E30600CC8003 /* LaunchScreen.storyboard */ = {
			isa = PBXVariantGroup;
			children = (
				351C16EE23D8E30600CC8003 /* Base */,
			);
			name = LaunchScreen.storyboard;
			sourceTree = "<group>";
		};
/* End PBXVariantGroup section */

/* Begin XCBuildConfiguration section */
		351C16F123D8E30600CC8003 /* Debug */ = {
			isa = XCBuildConfiguration;
			buildSettings = {
				ALWAYS_SEARCH_USER_PATHS = NO;
				CLANG_ANALYZER_NONNULL = YES;
				CLANG_ANALYZER_NUMBER_OBJECT_CONVERSION = YES_AGGRESSIVE;
				CLANG_CXX_LANGUAGE_STANDARD = "gnu++14";
				CLANG_CXX_LIBRARY = "libc++";
				CLANG_ENABLE_MODULES = YES;
				CLANG_ENABLE_OBJC_ARC = YES;
				CLANG_ENABLE_OBJC_WEAK = YES;
				CLANG_WARN_BLOCK_CAPTURE_AUTORELEASING = YES;
				CLANG_WARN_BOOL_CONVERSION = YES;
				CLANG_WARN_COMMA = YES;
				CLANG_WARN_CONSTANT_CONVERSION = YES;
				CLANG_WARN_DEPRECATED_OBJC_IMPLEMENTATIONS = YES;
				CLANG_WARN_DIRECT_OBJC_ISA_USAGE = YES_ERROR;
				CLANG_WARN_DOCUMENTATION_COMMENTS = YES;
				CLANG_WARN_EMPTY_BODY = YES;
				CLANG_WARN_ENUM_CONVERSION = YES;
				CLANG_WARN_INFINITE_RECURSION = YES;
				CLANG_WARN_INT_CONVERSION = YES;
				CLANG_WARN_NON_LITERAL_NULL_CONVERSION = YES;
				CLANG_WARN_OBJC_IMPLICIT_RETAIN_SELF = YES;
				CLANG_WARN_OBJC_LITERAL_CONVERSION = YES;
				CLANG_WARN_OBJC_ROOT_CLASS = YES_ERROR;
				CLANG_WARN_RANGE_LOOP_ANALYSIS = YES;
				CLANG_WARN_STRICT_PROTOTYPES = YES;
				CLANG_WARN_SUSPICIOUS_MOVE = YES;
				CLANG_WARN_UNGUARDED_AVAILABILITY = YES_AGGRESSIVE;
				CLANG_WARN_UNREACHABLE_CODE = YES;
				CLANG_WARN__DUPLICATE_METHOD_MATCH = YES;
				COPY_PHASE_STRIP = NO;
				DEBUG_INFORMATION_FORMAT = dwarf;
				ENABLE_STRICT_OBJC_MSGSEND = YES;
				ENABLE_TESTABILITY = YES;
				GCC_C_LANGUAGE_STANDARD = gnu11;
				GCC_DYNAMIC_NO_PIC = NO;
				GCC_NO_COMMON_BLOCKS = YES;
				GCC_OPTIMIZATION_LEVEL = 0;
				GCC_PREPROCESSOR_DEFINITIONS = (
					"DEBUG=1",
					"$(inherited)",
				);
				GCC_WARN_64_TO_32_BIT_CONVERSION = YES;
				GCC_WARN_ABOUT_RETURN_TYPE = YES_ERROR;
				GCC_WARN_UNDECLARED_SELECTOR = YES;
				GCC_WARN_UNINITIALIZED_AUTOS = YES_AGGRESSIVE;
				GCC_WARN_UNUSED_FUNCTION = YES;
				GCC_WARN_UNUSED_VARIABLE = YES;
				IPHONEOS_DEPLOYMENT_TARGET = 13.2;
				MTL_ENABLE_DEBUG_INFO = INCLUDE_SOURCE;
				MTL_FAST_MATH = YES;
				ONLY_ACTIVE_ARCH = YES;
				SDKROOT = iphoneos;
				SWIFT_ACTIVE_COMPILATION_CONDITIONS = DEBUG;
				SWIFT_OPTIMIZATION_LEVEL = "-Onone";
			};
			name = Debug;
		};
		351C16F223D8E30600CC8003 /* Release */ = {
			isa = XCBuildConfiguration;
			buildSettings = {
				ALWAYS_SEARCH_USER_PATHS = NO;
				CLANG_ANALYZER_NONNULL = YES;
				CLANG_ANALYZER_NUMBER_OBJECT_CONVERSION = YES_AGGRESSIVE;
				CLANG_CXX_LANGUAGE_STANDARD = "gnu++14";
				CLANG_CXX_LIBRARY = "libc++";
				CLANG_ENABLE_MODULES = YES;
				CLANG_ENABLE_OBJC_ARC = YES;
				CLANG_ENABLE_OBJC_WEAK = YES;
				CLANG_WARN_BLOCK_CAPTURE_AUTORELEASING = YES;
				CLANG_WARN_BOOL_CONVERSION = YES;
				CLANG_WARN_COMMA = YES;
				CLANG_WARN_CONSTANT_CONVERSION = YES;
				CLANG_WARN_DEPRECATED_OBJC_IMPLEMENTATIONS = YES;
				CLANG_WARN_DIRECT_OBJC_ISA_USAGE = YES_ERROR;
				CLANG_WARN_DOCUMENTATION_COMMENTS = YES;
				CLANG_WARN_EMPTY_BODY = YES;
				CLANG_WARN_ENUM_CONVERSION = YES;
				CLANG_WARN_INFINITE_RECURSION = YES;
				CLANG_WARN_INT_CONVERSION = YES;
				CLANG_WARN_NON_LITERAL_NULL_CONVERSION = YES;
				CLANG_WARN_OBJC_IMPLICIT_RETAIN_SELF = YES;
				CLANG_WARN_OBJC_LITERAL_CONVERSION = YES;
				CLANG_WARN_OBJC_ROOT_CLASS = YES_ERROR;
				CLANG_WARN_RANGE_LOOP_ANALYSIS = YES;
				CLANG_WARN_STRICT_PROTOTYPES = YES;
				CLANG_WARN_SUSPICIOUS_MOVE = YES;
				CLANG_WARN_UNGUARDED_AVAILABILITY = YES_AGGRESSIVE;
				CLANG_WARN_UNREACHABLE_CODE = YES;
				CLANG_WARN__DUPLICATE_METHOD_MATCH = YES;
				COPY_PHASE_STRIP = NO;
				DEBUG_INFORMATION_FORMAT = "dwarf-with-dsym";
				ENABLE_NS_ASSERTIONS = NO;
				ENABLE_STRICT_OBJC_MSGSEND = YES;
				GCC_C_LANGUAGE_STANDARD = gnu11;
				GCC_NO_COMMON_BLOCKS = YES;
				GCC_WARN_64_TO_32_BIT_CONVERSION = YES;
				GCC_WARN_ABOUT_RETURN_TYPE = YES_ERROR;
				GCC_WARN_UNDECLARED_SELECTOR = YES;
				GCC_WARN_UNINITIALIZED_AUTOS = YES_AGGRESSIVE;
				GCC_WARN_UNUSED_FUNCTION = YES;
				GCC_WARN_UNUSED_VARIABLE = YES;
				IPHONEOS_DEPLOYMENT_TARGET = 13.2;
				MTL_ENABLE_DEBUG_INFO = NO;
				MTL_FAST_MATH = YES;
				SDKROOT = iphoneos;
				SWIFT_COMPILATION_MODE = wholemodule;
				SWIFT_OPTIMIZATION_LEVEL = "-O";
				VALIDATE_PRODUCT = YES;
			};
			name = Release;
		};
		351C16F423D8E30600CC8003 /* Debug */ = {
			isa = XCBuildConfiguration;
			buildSettings = {
				ASSETCATALOG_COMPILER_APPICON_NAME = AppIcon;
				CODE_SIGN_STYLE = Automatic;
				DEVELOPMENT_ASSET_PATHS = "\"BrainTrainingGame/Preview Content\"";
				DEVELOPMENT_TEAM = 36JR7N2LBE;
				ENABLE_PREVIEWS = YES;
				INFOPLIST_FILE = BrainTrainingGame/Info.plist;
				LD_RUNPATH_SEARCH_PATHS = (
					"$(inherited)",
					"@executable_path/Frameworks",
				);
				PRODUCT_BUNDLE_IDENTIFIER = com.example.stanford.BrainTrainingGame;
				PRODUCT_NAME = "$(TARGET_NAME)";
				SWIFT_VERSION = 5.0;
				TARGETED_DEVICE_FAMILY = "1,2";
			};
			name = Debug;
		};
		351C16F523D8E30600CC8003 /* Release */ = {
			isa = XCBuildConfiguration;
			buildSettings = {
				ASSETCATALOG_COMPILER_APPICON_NAME = AppIcon;
				CODE_SIGN_STYLE = Automatic;
				DEVELOPMENT_ASSET_PATHS = "\"BrainTrainingGame/Preview Content\"";
				DEVELOPMENT_TEAM = 36JR7N2LBE;
				ENABLE_PREVIEWS = YES;
				INFOPLIST_FILE = BrainTrainingGame/Info.plist;
				LD_RUNPATH_SEARCH_PATHS = (
					"$(inherited)",
					"@executable_path/Frameworks",
				);
				PRODUCT_BUNDLE_IDENTIFIER = com.example.stanford.BrainTrainingGame;
				PRODUCT_NAME = "$(TARGET_NAME)";
				SWIFT_VERSION = 5.0;
				TARGETED_DEVICE_FAMILY = "1,2";
			};
			name = Release;
		};
/* End XCBuildConfiguration section */

/* Begin XCConfigurationList section */
		351C16DA23D8E30400CC8003 /* Build configuration list for PBXProject "BrainTrainingGame" */ = {
			isa = XCConfigurationList;
			buildConfigurations = (
				351C16F123D8E30600CC8003 /* Debug */,
				351C16F223D8E30600CC8003 /* Release */,
			);
			defaultConfigurationIsVisible = 0;
			defaultConfigurationName = Release;
		};
		351C16F323D8E30600CC8003 /* Build configuration list for PBXNativeTarget "BrainTrainingGame" */ = {
			isa = XCConfigurationList;
			buildConfigurations = (
				351C16F423D8E30600CC8003 /* Debug */,
				351C16F523D8E30600CC8003 /* Release */,
			);
			defaultConfigurationIsVisible = 0;
			defaultConfigurationName = Release;
		};
/* End XCConfigurationList section */
	};
	rootObject = 351C16D723D8E30400CC8003 /* Project object */;
}
